
Microsoft Visual Studio Solution File, Format Version 12.00
# Visual Studio Version 17
VisualStudioVersion = 17.1.32414.318
MinimumVisualStudioVersion = 10.0.40219.1
Project("{FAE04EC0-301F-11D3-BF4B-00C04F79EFBC}") = "GPTApi", "GPTApi.csproj", "{E5BD5314-B518-4D9F-B427-A975BD2DAED0}"
EndProject
Global
	GlobalSection(SolutionConfigurationPlatforms) = preSolution
		Debug|Any CPU = Debug|Any CPU
		Release|Any CPU = Release|Any CPU
	EndGlobalSection
	GlobalSection(ProjectConfigurationPlatforms) = postSolution
		{E5BD5314-B518-4D9F-B427-A975BD2DAED0}.Debug|Any CPU.ActiveCfg = Debug|Any CPU
		{E5BD5314-B518-4D9F-B427-A975BD2DAED0}.Debug|Any CPU.Build.0 = Debug|Any CPU
		{E5BD5314-B518-4D9F-B427-A975BD2DAED0}.Release|Any CPU.ActiveCfg = Release|Any CPU
		{E5BD5314-B518-4D9F-B427-A975BD2DAED0}.Release|Any CPU.Build.0 = Release|Any CPU
	EndGlobalSection
	GlobalSection(SolutionProperties) = preSolution
		HideSolutionNode = FALSE
	EndGlobalSection
	GlobalSection(ExtensibilityGlobals) = postSolution
		SolutionGuid = {7E2CDFFB-5C3C-4385-A1EF-7D86AB604510}
	EndGlobalSection
EndGlobal
